
Microsoft Visual Studio Solution File, Format Version 12.00
# Visual Studio Version 17
VisualStudioVersion = 17.2.32616.157
MinimumVisualStudioVersion = 10.0.40219.1
Project("{FAE04EC0-301F-11D3-BF4B-00C04F79EFBC}") = "AppClima.Android", "AppClima\AppClima.Android\AppClima.Android.csproj", "{6BC8A3BA-F439-4212-8B15-CAB701E9ABC5}"
EndProject
Project("{FAE04EC0-301F-11D3-BF4B-00C04F79EFBC}") = "AppClima", "AppClima\AppClima\AppClima.csproj", "{0E395520-57A5-4BAE-9E96-5BE355FD51E6}"
EndProject
Global
	GlobalSection(SolutionConfigurationPlatforms) = preSolution
		Debug|Any CPU = Debug|Any CPU
		Release|Any CPU = Release|Any CPU
	EndGlobalSection
	GlobalSection(ProjectConfigurationPlatforms) = postSolution
		{6BC8A3BA-F439-4212-8B15-CAB701E9ABC5}.Debug|Any CPU.ActiveCfg = Debug|Any CPU
		{6BC8A3BA-F439-4212-8B15-CAB701E9ABC5}.Debug|Any CPU.Build.0 = Debug|Any CPU
		{6BC8A3BA-F439-4212-8B15-CAB701E9ABC5}.Debug|Any CPU.Deploy.0 = Debug|Any CPU
		{6BC8A3BA-F439-4212-8B15-CAB701E9ABC5}.Release|Any CPU.ActiveCfg = Release|Any CPU
		{6BC8A3BA-F439-4212-8B15-CAB701E9ABC5}.Release|Any CPU.Build.0 = Release|Any CPU
		{6BC8A3BA-F439-4212-8B15-CAB701E9ABC5}.Release|Any CPU.Deploy.0 = Release|Any CPU
		{0E395520-57A5-4BAE-9E96-5BE355FD51E6}.Debug|Any CPU.ActiveCfg = Debug|Any CPU
		{0E395520-57A5-4BAE-9E96-5BE355FD51E6}.Debug|Any CPU.Build.0 = Debug|Any CPU
		{0E395520-57A5-4BAE-9E96-5BE355FD51E6}.Debug|Any CPU.Deploy.0 = Debug|Any CPU
		{0E395520-57A5-4BAE-9E96-5BE355FD51E6}.Release|Any CPU.ActiveCfg = Release|Any CPU
		{0E395520-57A5-4BAE-9E96-5BE355FD51E6}.Release|Any CPU.Build.0 = Release|Any CPU
		{0E395520-57A5-4BAE-9E96-5BE355FD51E6}.Release|Any CPU.Deploy.0 = Release|Any CPU
	EndGlobalSection
	GlobalSection(SolutionProperties) = preSolution
		HideSolutionNode = FALSE
	EndGlobalSection
	GlobalSection(ExtensibilityGlobals) = postSolution
		SolutionGuid = {9297BB02-D213-4A9A-B1BB-FFD9A2CECF00}
	EndGlobalSection
EndGlobal
